
Microsoft Visual Studio Solution File, Format Version 12.00
# Visual Studio Version 16
VisualStudioVersion = 16.0.29728.190
MinimumVisualStudioVersion = 10.0.40219.1
Project("{FAE04EC0-301F-11D3-BF4B-00C04F79EFBC}") = "QuizzUI", "QuizzUI\QuizzUI.csproj", "{0BFB5BEC-907B-4BCF-9CBE-7AB0DA1A2EC3}"
EndProject
Project("{FAE04EC0-301F-11D3-BF4B-00C04F79EFBC}") = "QuizLibrary", "..\QuizLibrary\QuizLibrary\QuizLibrary.csproj", "{36FE26BC-174F-4C5C-9D7C-77724E9BCE96}"
EndProject
Global
	GlobalSection(SolutionConfigurationPlatforms) = preSolution
		Debug|Any CPU = Debug|Any CPU
		Release|Any CPU = Release|Any CPU
	EndGlobalSection
	GlobalSection(ProjectConfigurationPlatforms) = postSolution
		{0BFB5BEC-907B-4BCF-9CBE-7AB0DA1A2EC3}.Debug|Any CPU.ActiveCfg = Debug|Any CPU
		{0BFB5BEC-907B-4BCF-9CBE-7AB0DA1A2EC3}.Debug|Any CPU.Build.0 = Debug|Any CPU
		{0BFB5BEC-907B-4BCF-9CBE-7AB0DA1A2EC3}.Release|Any CPU.ActiveCfg = Release|Any CPU
		{0BFB5BEC-907B-4BCF-9CBE-7AB0DA1A2EC3}.Release|Any CPU.Build.0 = Release|Any CPU
		{36FE26BC-174F-4C5C-9D7C-77724E9BCE96}.Debug|Any CPU.ActiveCfg = Debug|Any CPU
		{36FE26BC-174F-4C5C-9D7C-77724E9BCE96}.Debug|Any CPU.Build.0 = Debug|Any CPU
		{36FE26BC-174F-4C5C-9D7C-77724E9BCE96}.Release|Any CPU.ActiveCfg = Release|Any CPU
		{36FE26BC-174F-4C5C-9D7C-77724E9BCE96}.Release|Any CPU.Build.0 = Release|Any CPU
	EndGlobalSection
	GlobalSection(SolutionProperties) = preSolution
		HideSolutionNode = FALSE
	EndGlobalSection
	GlobalSection(ExtensibilityGlobals) = postSolution
		SolutionGuid = {BF08CF38-D5AD-4E36-B9E7-17E2AABD6F46}
	EndGlobalSection
EndGlobal
